// !$*UTF8*$!
{
	archiveVersion = 1;
	classes = {
	};
	objectVersion = 48;
	objects = {

/* Begin PBXBuildFile section */
		022D20CD204A777F0046ACC4 /* AppDelegate.swift in Sources */ = {isa = PBXBuildFile; fileRef = 022D20CC204A777F0046ACC4 /* AppDelegate.swift */; };
		022D20CF204A77800046ACC4 /* ViewController.swift in Sources */ = {isa = PBXBuildFile; fileRef = 022D20CE204A77800046ACC4 /* ViewController.swift */; };
		022D20D2204A77800046ACC4 /* Main.storyboard in Resources */ = {isa = PBXBuildFile; fileRef = 022D20D0204A77800046ACC4 /* Main.storyboard */; };
		022D20D4204A77800046ACC4 /* Assets.xcassets in Resources */ = {isa = PBXBuildFile; fileRef = 022D20D3204A77800046ACC4 /* Assets.xcassets */; };
		022D20D7204A77800046ACC4 /* LaunchScreen.storyboard in Resources */ = {isa = PBXBuildFile; fileRef = 022D20D5204A77800046ACC4 /* LaunchScreen.storyboard */; };
		022D20DF204A778F0046ACC4 /* Dynamic.swift in Sources */ = {isa = PBXBuildFile; fileRef = 022D20DE204A778F0046ACC4 /* Dynamic.swift */; };
		022D20E1204A781E0046ACC4 /* ViewModel.swift in Sources */ = {isa = PBXBuildFile; fileRef = 022D20E0204A781E0046ACC4 /* ViewModel.swift */; };
		022D20E4204A80670046ACC4 /* Model.swift in Sources */ = {isa = PBXBuildFile; fileRef = 022D20E3204A80670046ACC4 /* Model.swift */; };
		022D8B002094508900C5A4CE /* TestDTO.swift in Sources */ = {isa = PBXBuildFile; fileRef = 022D8AFF2094508900C5A4CE /* TestDTO.swift */; };
		02AEA8AE20A4861D00920B1A /* RxViewController.swift in Sources */ = {isa = PBXBuildFile; fileRef = 02AEA8AD20A4861D00920B1A /* RxViewController.swift */; };
		02AEA8B020A4863000920B1A /* RxViewModel.swift in Sources */ = {isa = PBXBuildFile; fileRef = 02AEA8AF20A4863000920B1A /* RxViewModel.swift */; };
		C2395625B4CFF3848624B696 /* Pods_SampleMVVM.framework in Frameworks */ = {isa = PBXBuildFile; fileRef = 14446EB11AF9B57522895A2B /* Pods_SampleMVVM.framework */; };
/* End PBXBuildFile section */

/* Begin PBXFileReference section */
		022D20C9204A777F0046ACC4 /* SampleMVVM.app */ = {isa = PBXFileReference; explicitFileType = wrapper.application; includeInIndex = 0; path = SampleMVVM.app; sourceTree = BUILT_PRODUCTS_DIR; };
		022D20CC204A777F0046ACC4 /* AppDelegate.swift */ = {isa = PBXFileReference; lastKnownFileType = sourcecode.swift; path = AppDelegate.swift; sourceTree = "<group>"; };
		022D20CE204A77800046ACC4 /* ViewController.swift */ = {isa = PBXFileReference; lastKnownFileType = sourcecode.swift; path = ViewController.swift; sourceTree = "<group>"; };
		022D20D1204A77800046ACC4 /* Base */ = {isa = PBXFileReference; lastKnownFileType = file.storyboard; name = Base; path = Base.lproj/Main.storyboard; sourceTree = "<group>"; };
		022D20D3204A77800046ACC4 /* Assets.xcassets */ = {isa = PBXFileReference; lastKnownFileType = folder.assetcatalog; path = Assets.xcassets; sourceTree = "<group>"; };
		022D20D6204A77800046ACC4 /* Base */ = {isa = PBXFileReference; lastKnownFileType = file.storyboard; name = Base; path = Base.lproj/LaunchScreen.storyboard; sourceTree = "<group>"; };
		022D20D8204A77800046ACC4 /* Info.plist */ = {isa = PBXFileReference; lastKnownFileType = text.plist.xml; path = Info.plist; sourceTree = "<group>"; };
		022D20DE204A778F0046ACC4 /* Dynamic.swift */ = {isa = PBXFileReference; lastKnownFileType = sourcecode.swift; path = Dynamic.swift; sourceTree = "<group>"; };
		022D20E0204A781E0046ACC4 /* ViewModel.swift */ = {isa = PBXFileReference; lastKnownFileType = sourcecode.swift; path = ViewModel.swift; sourceTree = "<group>"; };
		022D20E3204A80670046ACC4 /* Model.swift */ = {isa = PBXFileReference; lastKnownFileType = sourcecode.swift; path = Model.swift; sourceTree = "<group>"; };
		022D8AFF2094508900C5A4CE /* TestDTO.swift */ = {isa = PBXFileReference; lastKnownFileType = sourcecode.swift; path = TestDTO.swift; sourceTree = "<group>"; };
		02AEA8AD20A4861D00920B1A /* RxViewController.swift */ = {isa = PBXFileReference; lastKnownFileType = sourcecode.swift; path = RxViewController.swift; sourceTree = "<group>"; };
		02AEA8AF20A4863000920B1A /* RxViewModel.swift */ = {isa = PBXFileReference; lastKnownFileType = sourcecode.swift; path = RxViewModel.swift; sourceTree = "<group>"; };
		14446EB11AF9B57522895A2B /* Pods_SampleMVVM.framework */ = {isa = PBXFileReference; explicitFileType = wrapper.framework; includeInIndex = 0; path = Pods_SampleMVVM.framework; sourceTree = BUILT_PRODUCTS_DIR; };
		6C5F35F5E5770D892589E783 /* Pods-SampleMVVM.release.xcconfig */ = {isa = PBXFileReference; includeInIndex = 1; lastKnownFileType = text.xcconfig; name = "Pods-SampleMVVM.release.xcconfig"; path = "Pods/Target Support Files/Pods-SampleMVVM/Pods-SampleMVVM.release.xcconfig"; sourceTree = "<group>"; };
		73BC3D24ABB725642F021C3F /* Pods-SampleMVVM.debug.xcconfig */ = {isa = PBXFileReference; includeInIndex = 1; lastKnownFileType = text.xcconfig; name = "Pods-SampleMVVM.debug.xcconfig"; path = "Pods/Target Support Files/Pods-SampleMVVM/Pods-SampleMVVM.debug.xcconfig"; sourceTree = "<group>"; };
/* End PBXFileReference section */

/* Begin PBXFrameworksBuildPhase section */
		022D20C6204A777F0046ACC4 /* Frameworks */ = {
			isa = PBXFrameworksBuildPhase;
			buildActionMask = 2147483647;
			files = (
				C2395625B4CFF3848624B696 /* Pods_SampleMVVM.framework in Frameworks */,
			);
			runOnlyForDeploymentPostprocessing = 0;
		};
/* End PBXFrameworksBuildPhase section */

/* Begin PBXGroup section */
		022D20C0204A777F0046ACC4 = {
			isa = PBXGroup;
			children = (
				022D20CB204A777F0046ACC4 /* SampleMVVM */,
				022D20CA204A777F0046ACC4 /* Products */,
				864CAC2DD3FBB91412B6BB7C /* Pods */,
				31CF66BBB55FA3DB9C87462D /* Frameworks */,
			);
			sourceTree = "<group>";
		};
		022D20CA204A777F0046ACC4 /* Products */ = {
			isa = PBXGroup;
			children = (
				022D20C9204A777F0046ACC4 /* SampleMVVM.app */,
			);
			name = Products;
			sourceTree = "<group>";
		};
		022D20CB204A777F0046ACC4 /* SampleMVVM */ = {
			isa = PBXGroup;
			children = (
				02AEA8AC20A4860000920B1A /* RxSwift */,
				022D20E2204A804F0046ACC4 /* Dynamic+Notification */,
				022D20CC204A777F0046ACC4 /* AppDelegate.swift */,
				022D20D0204A77800046ACC4 /* Main.storyboard */,
				022D20D3204A77800046ACC4 /* Assets.xcassets */,
				022D20D5204A77800046ACC4 /* LaunchScreen.storyboard */,
				022D20D8204A77800046ACC4 /* Info.plist */,
				022D20DE204A778F0046ACC4 /* Dynamic.swift */,
			);
			path = SampleMVVM;
			sourceTree = "<group>";
		};
		022D20E2204A804F0046ACC4 /* Dynamic+Notification */ = {
			isa = PBXGroup;
			children = (
				022D20CE204A77800046ACC4 /* ViewController.swift */,
				022D20E0204A781E0046ACC4 /* ViewModel.swift */,
				022D20E3204A80670046ACC4 /* Model.swift */,
				022D8AFF2094508900C5A4CE /* TestDTO.swift */,
			);
			path = "Dynamic+Notification";
			sourceTree = "<group>";
		};
		02AEA8AC20A4860000920B1A /* RxSwift */ = {
			isa = PBXGroup;
			children = (
				02AEA8AD20A4861D00920B1A /* RxViewController.swift */,
				02AEA8AF20A4863000920B1A /* RxViewModel.swift */,
			);
			path = RxSwift;
			sourceTree = "<group>";
		};
		31CF66BBB55FA3DB9C87462D /* Frameworks */ = {
			isa = PBXGroup;
			children = (
				14446EB11AF9B57522895A2B /* Pods_SampleMVVM.framework */,
			);
			name = Frameworks;
			sourceTree = "<group>";
		};
		864CAC2DD3FBB91412B6BB7C /* Pods */ = {
			isa = PBXGroup;
			children = (
				73BC3D24ABB725642F021C3F /* Pods-SampleMVVM.debug.xcconfig */,
				6C5F35F5E5770D892589E783 /* Pods-SampleMVVM.release.xcconfig */,
			);
			name = Pods;
			sourceTree = "<group>";
		};
/* End PBXGroup section */

/* Begin PBXNativeTarget section */
		022D20C8204A777F0046ACC4 /* SampleMVVM */ = {
			isa = PBXNativeTarget;
			buildConfigurationList = 022D20DB204A77800046ACC4 /* Build configuration list for PBXNativeTarget "SampleMVVM" */;
			buildPhases = (
				C30F45C0B2BDE5FF4AAED85B /* [CP] Check Pods Manifest.lock */,
				022D20C5204A777F0046ACC4 /* Sources */,
				022D20C6204A777F0046ACC4 /* Frameworks */,
				022D20C7204A777F0046ACC4 /* Resources */,
				1766898E5E2268E4859DF0D7 /* [CP] Embed Pods Frameworks */,
				1FE5575FCBEB091463F03830 /* [CP] Copy Pods Resources */,
			);
			buildRules = (
			);
			dependencies = (
			);
			name = SampleMVVM;
			productName = SampleMVVM;
			productReference = 022D20C9204A777F0046ACC4 /* SampleMVVM.app */;
			productType = "com.apple.product-type.application";
		};
/* End PBXNativeTarget section */

/* Begin PBXProject section */
		022D20C1204A777F0046ACC4 /* Project object */ = {
			isa = PBXProject;
			attributes = {
				LastSwiftUpdateCheck = 0920;
				LastUpgradeCheck = 0920;
				ORGANIZATIONNAME = "신규찬";
				TargetAttributes = {
					022D20C8204A777F0046ACC4 = {
						CreatedOnToolsVersion = 9.2;
						ProvisioningStyle = Automatic;
					};
				};
			};
			buildConfigurationList = 022D20C4204A777F0046ACC4 /* Build configuration list for PBXProject "SampleMVVM" */;
			compatibilityVersion = "Xcode 8.0";
			developmentRegion = en;
			hasScannedForEncodings = 0;
			knownRegions = (
				en,
				Base,
			);
			mainGroup = 022D20C0204A777F0046ACC4;
			productRefGroup = 022D20CA204A777F0046ACC4 /* Products */;
			projectDirPath = "";
			projectRoot = "";
			targets = (
				022D20C8204A777F0046ACC4 /* SampleMVVM */,
			);
		};
/* End PBXProject section */

/* Begin PBXResourcesBuildPhase section */
		022D20C7204A777F0046ACC4 /* Resources */ = {
			isa = PBXResourcesBuildPhase;
			buildActionMask = 2147483647;
			files = (
				022D20D7204A77800046ACC4 /* LaunchScreen.storyboard in Resources */,
				022D20D4204A77800046ACC4 /* Assets.xcassets in Resources */,
				022D20D2204A77800046ACC4 /* Main.storyboard in Resources */,
			);
			runOnlyForDeploymentPostprocessing = 0;
		};
/* End PBXResourcesBuildPhase section */

/* Begin PBXShellScriptBuildPhase section */
		1766898E5E2268E4859DF0D7 /* [CP] Embed Pods Frameworks */ = {
			isa = PBXShellScriptBuildPhase;
			buildActionMask = 2147483647;
			files = (
			);
			inputPaths = (
				"${SRCROOT}/Pods/Target Support Files/Pods-SampleMVVM/Pods-SampleMVVM-frameworks.sh",
				"${BUILT_PRODUCTS_DIR}/RxCocoa/RxCocoa.framework",
				"${BUILT_PRODUCTS_DIR}/RxSwift/RxSwift.framework",
			);
			name = "[CP] Embed Pods Frameworks";
			outputPaths = (
				"${TARGET_BUILD_DIR}/${FRAMEWORKS_FOLDER_PATH}/RxCocoa.framework",
				"${TARGET_BUILD_DIR}/${FRAMEWORKS_FOLDER_PATH}/RxSwift.framework",
			);
			runOnlyForDeploymentPostprocessing = 0;
			shellPath = /bin/sh;
			shellScript = "\"${SRCROOT}/Pods/Target Support Files/Pods-SampleMVVM/Pods-SampleMVVM-frameworks.sh\"\n";
			showEnvVarsInLog = 0;
		};
		1FE5575FCBEB091463F03830 /* [CP] Copy Pods Resources */ = {
			isa = PBXShellScriptBuildPhase;
			buildActionMask = 2147483647;
			files = (
			);
			inputPaths = (
			);
			name = "[CP] Copy Pods Resources";
			outputPaths = (
			);
			runOnlyForDeploymentPostprocessing = 0;
			shellPath = /bin/sh;
			shellScript = "\"${SRCROOT}/Pods/Target Support Files/Pods-SampleMVVM/Pods-SampleMVVM-resources.sh\"\n";
			showEnvVarsInLog = 0;
		};
		C30F45C0B2BDE5FF4AAED85B /* [CP] Check Pods Manifest.lock */ = {
			isa = PBXShellScriptBuildPhase;
			buildActionMask = 2147483647;
			files = (
			);
			inputPaths = (
				"${PODS_PODFILE_DIR_PATH}/Podfile.lock",
				"${PODS_ROOT}/Manifest.lock",
			);
			name = "[CP] Check Pods Manifest.lock";
			outputPaths = (
				"$(DERIVED_FILE_DIR)/Pods-SampleMVVM-checkManifestLockResult.txt",
			);
			runOnlyForDeploymentPostprocessing = 0;
			shellPath = /bin/sh;
			shellScript = "diff \"${PODS_PODFILE_DIR_PATH}/Podfile.lock\" \"${PODS_ROOT}/Manifest.lock\" > /dev/null\nif [ $? != 0 ] ; then\n    # print error to STDERR\n    echo \"error: The sandbox is not in sync with the Podfile.lock. Run 'pod install' or update your CocoaPods installation.\" >&2\n    exit 1\nfi\n# This output is used by Xcode 'outputs' to avoid re-running this script phase.\necho \"SUCCESS\" > \"${SCRIPT_OUTPUT_FILE_0}\"\n";
			showEnvVarsInLog = 0;
		};
/* End PBXShellScriptBuildPhase section */

/* Begin PBXSourcesBuildPhase section */
		022D20C5204A777F0046ACC4 /* Sources */ = {
			isa = PBXSourcesBuildPhase;
			buildActionMask = 2147483647;
			files = (
				022D20E4204A80670046ACC4 /* Model.swift in Sources */,
				02AEA8AE20A4861D00920B1A /* RxViewController.swift in Sources */,
				02AEA8B020A4863000920B1A /* RxViewModel.swift in Sources */,
				022D20DF204A778F0046ACC4 /* Dynamic.swift in Sources */,
				022D20CF204A77800046ACC4 /* ViewController.swift in Sources */,
				022D20E1204A781E0046ACC4 /* ViewModel.swift in Sources */,
				022D20CD204A777F0046ACC4 /* AppDelegate.swift in Sources */,
				022D8B002094508900C5A4CE /* TestDTO.swift in Sources */,
			);
			runOnlyForDeploymentPostprocessing = 0;
		};
/* End PBXSourcesBuildPhase section */

/* Begin PBXVariantGroup section */
		022D20D0204A77800046ACC4 /* Main.storyboard */ = {
			isa = PBXVariantGroup;
			children = (
				022D20D1204A77800046ACC4 /* Base */,
			);
			name = Main.storyboard;
			sourceTree = "<group>";
		};
		022D20D5204A77800046ACC4 /* LaunchScreen.storyboard */ = {
			isa = PBXVariantGroup;
			children = (
				022D20D6204A77800046ACC4 /* Base */,
			);
			name = LaunchScreen.storyboard;
			sourceTree = "<group>";
		};
/* End PBXVariantGroup section */

/* Begin XCBuildConfiguration section */
		022D20D9204A77800046ACC4 /* Debug */ = {
			isa = XCBuildConfiguration;
			buildSettings = {
				ALWAYS_SEARCH_USER_PATHS = NO;
				CLANG_ANALYZER_NONNULL = YES;
				CLANG_ANALYZER_NUMBER_OBJECT_CONVERSION = YES_AGGRESSIVE;
				CLANG_CXX_LANGUAGE_STANDARD = "gnu++14";
				CLANG_CXX_LIBRARY = "libc++";
				CLANG_ENABLE_MODULES = YES;
				CLANG_ENABLE_OBJC_ARC = YES;
				CLANG_WARN_BLOCK_CAPTURE_AUTORELEASING = YES;
				CLANG_WARN_BOOL_CONVERSION = YES;
				CLANG_WARN_COMMA = YES;
				CLANG_WARN_CONSTANT_CONVERSION = YES;
				CLANG_WARN_DIRECT_OBJC_ISA_USAGE = YES_ERROR;
				CLANG_WARN_DOCUMENTATION_COMMENTS = YES;
				CLANG_WARN_EMPTY_BODY = YES;
				CLANG_WARN_ENUM_CONVERSION = YES;
				CLANG_WARN_INFINITE_RECURSION = YES;
				CLANG_WARN_INT_CONVERSION = YES;
				CLANG_WARN_NON_LITERAL_NULL_CONVERSION = YES;
				CLANG_WARN_OBJC_LITERAL_CONVERSION = YES;
				CLANG_WARN_OBJC_ROOT_CLASS = YES_ERROR;
				CLANG_WARN_RANGE_LOOP_ANALYSIS = YES;
				CLANG_WARN_STRICT_PROTOTYPES = YES;
				CLANG_WARN_SUSPICIOUS_MOVE = YES;
				CLANG_WARN_UNGUARDED_AVAILABILITY = YES_AGGRESSIVE;
				CLANG_WARN_UNREACHABLE_CODE = YES;
				CLANG_WARN__DUPLICATE_METHOD_MATCH = YES;
				CODE_SIGN_IDENTITY = "iPhone Developer";
				COPY_PHASE_STRIP = NO;
				DEBUG_INFORMATION_FORMAT = dwarf;
				ENABLE_STRICT_OBJC_MSGSEND = YES;
				ENABLE_TESTABILITY = YES;
				GCC_C_LANGUAGE_STANDARD = gnu11;
				GCC_DYNAMIC_NO_PIC = NO;
				GCC_NO_COMMON_BLOCKS = YES;
				GCC_OPTIMIZATION_LEVEL = 0;
				GCC_PREPROCESSOR_DEFINITIONS = (
					"DEBUG=1",
					"$(inherited)",
				);
				GCC_WARN_64_TO_32_BIT_CONVERSION = YES;
				GCC_WARN_ABOUT_RETURN_TYPE = YES_ERROR;
				GCC_WARN_UNDECLARED_SELECTOR = YES;
				GCC_WARN_UNINITIALIZED_AUTOS = YES_AGGRESSIVE;
				GCC_WARN_UNUSED_FUNCTION = YES;
				GCC_WARN_UNUSED_VARIABLE = YES;
				IPHONEOS_DEPLOYMENT_TARGET = 11.2;
				MTL_ENABLE_DEBUG_INFO = YES;
				ONLY_ACTIVE_ARCH = YES;
				SDKROOT = iphoneos;
				SWIFT_ACTIVE_COMPILATION_CONDITIONS = DEBUG;
				SWIFT_OPTIMIZATION_LEVEL = "-Onone";
			};
			name = Debug;
		};
		022D20DA204A77800046ACC4 /* Release */ = {
			isa = XCBuildConfiguration;
			buildSettings = {
				ALWAYS_SEARCH_USER_PATHS = NO;
				CLANG_ANALYZER_NONNULL = YES;
				CLANG_ANALYZER_NUMBER_OBJECT_CONVERSION = YES_AGGRESSIVE;
				CLANG_CXX_LANGUAGE_STANDARD = "gnu++14";
				CLANG_CXX_LIBRARY = "libc++";
				CLANG_ENABLE_MODULES = YES;
				CLANG_ENABLE_OBJC_ARC = YES;
				CLANG_WARN_BLOCK_CAPTURE_AUTORELEASING = YES;
				CLANG_WARN_BOOL_CONVERSION = YES;
				CLANG_WARN_COMMA = YES;
				CLANG_WARN_CONSTANT_CONVERSION = YES;
				CLANG_WARN_DIRECT_OBJC_ISA_USAGE = YES_ERROR;
				CLANG_WARN_DOCUMENTATION_COMMENTS = YES;
				CLANG_WARN_EMPTY_BODY = YES;
				CLANG_WARN_ENUM_CONVERSION = YES;
				CLANG_WARN_INFINITE_RECURSION = YES;
				CLANG_WARN_INT_CONVERSION = YES;
				CLANG_WARN_NON_LITERAL_NULL_CONVERSION = YES;
				CLANG_WARN_OBJC_LITERAL_CONVERSION = YES;
				CLANG_WARN_OBJC_ROOT_CLASS = YES_ERROR;
				CLANG_WARN_RANGE_LOOP_ANALYSIS = YES;
				CLANG_WARN_STRICT_PROTOTYPES = YES;
				CLANG_WARN_SUSPICIOUS_MOVE = YES;
				CLANG_WARN_UNGUARDED_AVAILABILITY = YES_AGGRESSIVE;
				CLANG_WARN_UNREACHABLE_CODE = YES;
				CLANG_WARN__DUPLICATE_METHOD_MATCH = YES;
				CODE_SIGN_IDENTITY = "iPhone Developer";
				COPY_PHASE_STRIP = NO;
				DEBUG_INFORMATION_FORMAT = "dwarf-with-dsym";
				ENABLE_NS_ASSERTIONS = NO;
				ENABLE_STRICT_OBJC_MSGSEND = YES;
				GCC_C_LANGUAGE_STANDARD = gnu11;
				GCC_NO_COMMON_BLOCKS = YES;
				GCC_WARN_64_TO_32_BIT_CONVERSION = YES;
				GCC_WARN_ABOUT_RETURN_TYPE = YES_ERROR;
				GCC_WARN_UNDECLARED_SELECTOR = YES;
				GCC_WARN_UNINITIALIZED_AUTOS = YES_AGGRESSIVE;
				GCC_WARN_UNUSED_FUNCTION = YES;
				GCC_WARN_UNUSED_VARIABLE = YES;
				IPHONEOS_DEPLOYMENT_TARGET = 11.2;
				MTL_ENABLE_DEBUG_INFO = NO;
				SDKROOT = iphoneos;
				SWIFT_OPTIMIZATION_LEVEL = "-Owholemodule";
				VALIDATE_PRODUCT = YES;
			};
			name = Release;
		};
		022D20DC204A77800046ACC4 /* Debug */ = {
			isa = XCBuildConfiguration;
			baseConfigurationReference = 73BC3D24ABB725642F021C3F /* Pods-SampleMVVM.debug.xcconfig */;
			buildSettings = {
				ASSETCATALOG_COMPILER_APPICON_NAME = AppIcon;
				CODE_SIGN_STYLE = Automatic;
				DEVELOPMENT_TEAM = 32Y6R7KP3R;
				INFOPLIST_FILE = SampleMVVM/Info.plist;
				LD_RUNPATH_SEARCH_PATHS = "$(inherited) @executable_path/Frameworks";
				PRODUCT_BUNDLE_IDENTIFIER = kcs.SampleMVVM;
				PRODUCT_NAME = "$(TARGET_NAME)";
				SWIFT_VERSION = 4.0;
				TARGETED_DEVICE_FAMILY = "1,2";
			};
			name = Debug;
		};
		022D20DD204A77800046ACC4 /* Release */ = {
			isa = XCBuildConfiguration;
			baseConfigurationReference = 6C5F35F5E5770D892589E783 /* Pods-SampleMVVM.release.xcconfig */;
			buildSettings = {
				ASSETCATALOG_COMPILER_APPICON_NAME = AppIcon;
				CODE_SIGN_STYLE = Automatic;
				DEVELOPMENT_TEAM = 32Y6R7KP3R;
				INFOPLIST_FILE = SampleMVVM/Info.plist;
				LD_RUNPATH_SEARCH_PATHS = "$(inherited) @executable_path/Frameworks";
				PRODUCT_BUNDLE_IDENTIFIER = kcs.SampleMVVM;
				PRODUCT_NAME = "$(TARGET_NAME)";
				SWIFT_VERSION = 4.0;
				TARGETED_DEVICE_FAMILY = "1,2";
			};
			name = Release;
		};
/* End XCBuildConfiguration section */

/* Begin XCConfigurationList section */
		022D20C4204A777F0046ACC4 /* Build configuration list for PBXProject "SampleMVVM" */ = {
			isa = XCConfigurationList;
			buildConfigurations = (
				022D20D9204A77800046ACC4 /* Debug */,
				022D20DA204A77800046ACC4 /* Release */,
			);
			defaultConfigurationIsVisible = 0;
			defaultConfigurationName = Release;
		};
		022D20DB204A77800046ACC4 /* Build configuration list for PBXNativeTarget "SampleMVVM" */ = {
			isa = XCConfigurationList;
			buildConfigurations = (
				022D20DC204A77800046ACC4 /* Debug */,
				022D20DD204A77800046ACC4 /* Release */,
			);
			defaultConfigurationIsVisible = 0;
			defaultConfigurationName = Release;
		};
/* End XCConfigurationList section */
	};
	rootObject = 022D20C1204A777F0046ACC4 /* Project object */;
}
